
Microsoft Visual Studio Solution File, Format Version 12.00
# Visual Studio Version 17
VisualStudioVersion = 17.4.33213.308
MinimumVisualStudioVersion = 10.0.40219.1
Project("{FAE04EC0-301F-11D3-BF4B-00C04F79EFBC}") = "PROG_POE_PART_2", "PROG_POE_PART_2\PROG_POE_PART_2.csproj", "{46079BBA-F4F6-491C-BAB7-FD8602692B62}"
EndProject
Global
	GlobalSection(SolutionConfigurationPlatforms) = preSolution
		Debug|Any CPU = Debug|Any CPU
		Release|Any CPU = Release|Any CPU
	EndGlobalSection
	GlobalSection(ProjectConfigurationPlatforms) = postSolution
		{46079BBA-F4F6-491C-BAB7-FD8602692B62}.Debug|Any CPU.ActiveCfg = Debug|Any CPU
		{46079BBA-F4F6-491C-BAB7-FD8602692B62}.Debug|Any CPU.Build.0 = Debug|Any CPU
		{46079BBA-F4F6-491C-BAB7-FD8602692B62}.Release|Any CPU.ActiveCfg = Release|Any CPU
		{46079BBA-F4F6-491C-BAB7-FD8602692B62}.Release|Any CPU.Build.0 = Release|Any CPU
	EndGlobalSection
	GlobalSection(SolutionProperties) = preSolution
		HideSolutionNode = FALSE
	EndGlobalSection
	GlobalSection(ExtensibilityGlobals) = postSolution
		SolutionGuid = {6483EEC5-E216-4756-AB01-1E7249576A88}
	EndGlobalSection
EndGlobal
